
Microsoft Visual Studio Solution File, Format Version 12.00
# Visual Studio Version 17
VisualStudioVersion = 17.3.32901.215
MinimumVisualStudioVersion = 10.0.40219.1
Project("{FAE04EC0-301F-11D3-BF4B-00C04F79EFBC}") = "A2Topicos3", "A2Topicos3\A2Topicos3.csproj", "{914D46CD-6798-4855-ACE7-59E51F4BC7BB}"
EndProject
Global
	GlobalSection(SolutionConfigurationPlatforms) = preSolution
		Debug|Any CPU = Debug|Any CPU
		Release|Any CPU = Release|Any CPU
	EndGlobalSection
	GlobalSection(ProjectConfigurationPlatforms) = postSolution
		{914D46CD-6798-4855-ACE7-59E51F4BC7BB}.Debug|Any CPU.ActiveCfg = Debug|Any CPU
		{914D46CD-6798-4855-ACE7-59E51F4BC7BB}.Debug|Any CPU.Build.0 = Debug|Any CPU
		{914D46CD-6798-4855-ACE7-59E51F4BC7BB}.Release|Any CPU.ActiveCfg = Release|Any CPU
		{914D46CD-6798-4855-ACE7-59E51F4BC7BB}.Release|Any CPU.Build.0 = Release|Any CPU
	EndGlobalSection
	GlobalSection(SolutionProperties) = preSolution
		HideSolutionNode = FALSE
	EndGlobalSection
	GlobalSection(ExtensibilityGlobals) = postSolution
		SolutionGuid = {3114EA2F-CCFF-4EE7-8994-81298D972876}
	EndGlobalSection
EndGlobal
